
Microsoft Visual Studio Solution File, Format Version 12.00
# Visual Studio Version 17
VisualStudioVersion = 17.4.33213.308
MinimumVisualStudioVersion = 10.0.40219.1
Project("{FAE04EC0-301F-11D3-BF4B-00C04F79EFBC}") = "InsyGroupTwoProject", "InsyGroupTwoProject\InsyGroupTwoProject.csproj", "{8D750A29-69F8-42BF-8F44-518B586597C5}"
EndProject
Global
	GlobalSection(SolutionConfigurationPlatforms) = preSolution
		Debug|Any CPU = Debug|Any CPU
		Release|Any CPU = Release|Any CPU
	EndGlobalSection
	GlobalSection(ProjectConfigurationPlatforms) = postSolution
		{8D750A29-69F8-42BF-8F44-518B586597C5}.Debug|Any CPU.ActiveCfg = Debug|Any CPU
		{8D750A29-69F8-42BF-8F44-518B586597C5}.Debug|Any CPU.Build.0 = Debug|Any CPU
		{8D750A29-69F8-42BF-8F44-518B586597C5}.Release|Any CPU.ActiveCfg = Release|Any CPU
		{8D750A29-69F8-42BF-8F44-518B586597C5}.Release|Any CPU.Build.0 = Release|Any CPU
	EndGlobalSection
	GlobalSection(SolutionProperties) = preSolution
		HideSolutionNode = FALSE
	EndGlobalSection
	GlobalSection(ExtensibilityGlobals) = postSolution
		SolutionGuid = {EEDA538F-8B3D-41F7-BD52-1D0E4E85DF1D}
	EndGlobalSection
EndGlobal
